
Microsoft Visual Studio Solution File, Format Version 12.00
# Visual Studio Version 16
VisualStudioVersion = 16.0.30406.217
MinimumVisualStudioVersion = 10.0.40219.1
Project("{F184B08F-C81C-45F6-A57F-5ABD9991F28F}") = "WebApplication1", "WebApplication1\WebApplication1.vbproj", "{27BF4CC7-6C53-4ECD-BB9F-1C8EB0FBDA81}"
EndProject
Global
	GlobalSection(SolutionConfigurationPlatforms) = preSolution
		Debug|Any CPU = Debug|Any CPU
		Release|Any CPU = Release|Any CPU
	EndGlobalSection
	GlobalSection(ProjectConfigurationPlatforms) = postSolution
		{27BF4CC7-6C53-4ECD-BB9F-1C8EB0FBDA81}.Debug|Any CPU.ActiveCfg = Debug|Any CPU
		{27BF4CC7-6C53-4ECD-BB9F-1C8EB0FBDA81}.Debug|Any CPU.Build.0 = Debug|Any CPU
		{27BF4CC7-6C53-4ECD-BB9F-1C8EB0FBDA81}.Release|Any CPU.ActiveCfg = Release|Any CPU
		{27BF4CC7-6C53-4ECD-BB9F-1C8EB0FBDA81}.Release|Any CPU.Build.0 = Release|Any CPU
	EndGlobalSection
	GlobalSection(SolutionProperties) = preSolution
		HideSolutionNode = FALSE
	EndGlobalSection
	GlobalSection(ExtensibilityGlobals) = postSolution
		SolutionGuid = {55F74EAF-AE90-4D51-9984-75A60CA6BC76}
	EndGlobalSection
EndGlobal
